
Microsoft Visual Studio Solution File, Format Version 12.00
# Visual Studio Version 16
VisualStudioVersion = 16.0.32929.386
MinimumVisualStudioVersion = 10.0.40219.1
Project("{FAE04EC0-301F-11D3-BF4B-00C04F79EFBC}") = "RemoveNum", "ListTasks\RemoveNum.csproj", "{B3672B44-ED5F-4877-95CD-BE9BCB600606}"
EndProject
Global
	GlobalSection(SolutionConfigurationPlatforms) = preSolution
		Debug|Any CPU = Debug|Any CPU
		Release|Any CPU = Release|Any CPU
	EndGlobalSection
	GlobalSection(ProjectConfigurationPlatforms) = postSolution
		{B3672B44-ED5F-4877-95CD-BE9BCB600606}.Debug|Any CPU.ActiveCfg = Debug|Any CPU
		{B3672B44-ED5F-4877-95CD-BE9BCB600606}.Debug|Any CPU.Build.0 = Debug|Any CPU
		{B3672B44-ED5F-4877-95CD-BE9BCB600606}.Release|Any CPU.ActiveCfg = Release|Any CPU
		{B3672B44-ED5F-4877-95CD-BE9BCB600606}.Release|Any CPU.Build.0 = Release|Any CPU
	EndGlobalSection
	GlobalSection(SolutionProperties) = preSolution
		HideSolutionNode = FALSE
	EndGlobalSection
	GlobalSection(ExtensibilityGlobals) = postSolution
		SolutionGuid = {8BE28901-A8D5-4934-9749-518F3EED1F4B}
	EndGlobalSection
EndGlobal
